
Microsoft Visual Studio Solution File, Format Version 12.00
# Visual Studio 15
VisualStudioVersion = 15.0.28307.779
MinimumVisualStudioVersion = 10.0.40219.1
Project("{FAE04EC0-301F-11D3-BF4B-00C04F79EFBC}") = "Survey", "Survey\Survey.csproj", "{2F8E94D6-0B86-469F-A6EB-B28A5F64D43A}"
EndProject
Project("{2150E333-8FDC-42A3-9474-1A3956D46DE8}") = "Core", "Core", "{1BA0CD86-A97D-4138-AE07-569EE09B3F5F}"
EndProject
Project("{FAE04EC0-301F-11D3-BF4B-00C04F79EFBC}") = "Survey.Domain", "Survey.Domain\Survey.Domain.csproj", "{EFDB8099-84DD-4B08-8A81-474FC5EF2E84}"
EndProject
Project("{2150E333-8FDC-42A3-9474-1A3956D46DE8}") = "Persistence", "Persistence", "{04B4353A-93A4-443F-88BE-1DD87936B156}"
EndProject
Project("{FAE04EC0-301F-11D3-BF4B-00C04F79EFBC}") = "Survey.Persistence", "Survey.Persistence\Survey.Persistence.csproj", "{BD9BE72C-CAEF-416A-BE55-75B2CC863E1E}"
EndProject
Project("{FAE04EC0-301F-11D3-BF4B-00C04F79EFBC}") = "Survey.Application", "Survey.Application\Survey.Application.csproj", "{7E621345-4BD8-4878-B3F0-38A409BD1CAE}"
EndProject
Project("{2150E333-8FDC-42A3-9474-1A3956D46DE8}") = "Infrastructure", "Infrastructure", "{E944489B-9385-4F22-98FE-A02D71F4E231}"
EndProject
Project("{2150E333-8FDC-42A3-9474-1A3956D46DE8}") = "Presentation", "Presentation", "{6C01ACB3-6862-428E-977F-4F981F2F191E}"
EndProject
Project("{2150E333-8FDC-42A3-9474-1A3956D46DE8}") = "Test", "Test", "{5D68B8BC-D29C-4230-9CF3-E6A52F94B1DE}"
EndProject
Project("{FAE04EC0-301F-11D3-BF4B-00C04F79EFBC}") = "Survey.UnitTest", "Survey.UnitTest\Survey.UnitTest.csproj", "{AB64B12C-C35F-4B5A-A92E-5272F366B98D}"
EndProject
Global
	GlobalSection(SolutionConfigurationPlatforms) = preSolution
		Debug|Any CPU = Debug|Any CPU
		Release|Any CPU = Release|Any CPU
	EndGlobalSection
	GlobalSection(ProjectConfigurationPlatforms) = postSolution
		{2F8E94D6-0B86-469F-A6EB-B28A5F64D43A}.Debug|Any CPU.ActiveCfg = Debug|Any CPU
		{2F8E94D6-0B86-469F-A6EB-B28A5F64D43A}.Debug|Any CPU.Build.0 = Debug|Any CPU
		{2F8E94D6-0B86-469F-A6EB-B28A5F64D43A}.Release|Any CPU.ActiveCfg = Release|Any CPU
		{2F8E94D6-0B86-469F-A6EB-B28A5F64D43A}.Release|Any CPU.Build.0 = Release|Any CPU
		{EFDB8099-84DD-4B08-8A81-474FC5EF2E84}.Debug|Any CPU.ActiveCfg = Debug|Any CPU
		{EFDB8099-84DD-4B08-8A81-474FC5EF2E84}.Debug|Any CPU.Build.0 = Debug|Any CPU
		{EFDB8099-84DD-4B08-8A81-474FC5EF2E84}.Release|Any CPU.ActiveCfg = Release|Any CPU
		{EFDB8099-84DD-4B08-8A81-474FC5EF2E84}.Release|Any CPU.Build.0 = Release|Any CPU
		{BD9BE72C-CAEF-416A-BE55-75B2CC863E1E}.Debug|Any CPU.ActiveCfg = Debug|Any CPU
		{BD9BE72C-CAEF-416A-BE55-75B2CC863E1E}.Debug|Any CPU.Build.0 = Debug|Any CPU
		{BD9BE72C-CAEF-416A-BE55-75B2CC863E1E}.Release|Any CPU.ActiveCfg = Release|Any CPU
		{BD9BE72C-CAEF-416A-BE55-75B2CC863E1E}.Release|Any CPU.Build.0 = Release|Any CPU
		{7E621345-4BD8-4878-B3F0-38A409BD1CAE}.Debug|Any CPU.ActiveCfg = Debug|Any CPU
		{7E621345-4BD8-4878-B3F0-38A409BD1CAE}.Debug|Any CPU.Build.0 = Debug|Any CPU
		{7E621345-4BD8-4878-B3F0-38A409BD1CAE}.Release|Any CPU.ActiveCfg = Release|Any CPU
		{7E621345-4BD8-4878-B3F0-38A409BD1CAE}.Release|Any CPU.Build.0 = Release|Any CPU
		{AB64B12C-C35F-4B5A-A92E-5272F366B98D}.Debug|Any CPU.ActiveCfg = Debug|Any CPU
		{AB64B12C-C35F-4B5A-A92E-5272F366B98D}.Debug|Any CPU.Build.0 = Debug|Any CPU
		{AB64B12C-C35F-4B5A-A92E-5272F366B98D}.Release|Any CPU.ActiveCfg = Release|Any CPU
		{AB64B12C-C35F-4B5A-A92E-5272F366B98D}.Release|Any CPU.Build.0 = Release|Any CPU
	EndGlobalSection
	GlobalSection(SolutionProperties) = preSolution
		HideSolutionNode = FALSE
	EndGlobalSection
	GlobalSection(NestedProjects) = preSolution
		{2F8E94D6-0B86-469F-A6EB-B28A5F64D43A} = {6C01ACB3-6862-428E-977F-4F981F2F191E}
		{EFDB8099-84DD-4B08-8A81-474FC5EF2E84} = {1BA0CD86-A97D-4138-AE07-569EE09B3F5F}
		{BD9BE72C-CAEF-416A-BE55-75B2CC863E1E} = {04B4353A-93A4-443F-88BE-1DD87936B156}
		{7E621345-4BD8-4878-B3F0-38A409BD1CAE} = {1BA0CD86-A97D-4138-AE07-569EE09B3F5F}
		{AB64B12C-C35F-4B5A-A92E-5272F366B98D} = {5D68B8BC-D29C-4230-9CF3-E6A52F94B1DE}
	EndGlobalSection
	GlobalSection(ExtensibilityGlobals) = postSolution
		SolutionGuid = {1FC2C8D9-08C7-4C48-9C9D-6EACAF340DF5}
	EndGlobalSection
EndGlobal
